
Microsoft Visual Studio Solution File, Format Version 12.00
# Visual Studio Version 16
VisualStudioVersion = 16.0.31129.286
MinimumVisualStudioVersion = 10.0.40219.1
Project("{FAE04EC0-301F-11D3-BF4B-00C04F79EFBC}") = "CustomCorrals", "CustomCorrals\CustomCorrals.csproj", "{BE5B8FE3-6934-4D9C-BA82-A811F845F45F}"
EndProject
Global
	GlobalSection(SolutionConfigurationPlatforms) = preSolution
		Debug|Any CPU = Debug|Any CPU
		Release|Any CPU = Release|Any CPU
	EndGlobalSection
	GlobalSection(ProjectConfigurationPlatforms) = postSolution
		{BE5B8FE3-6934-4D9C-BA82-A811F845F45F}.Debug|Any CPU.ActiveCfg = Debug|Any CPU
		{BE5B8FE3-6934-4D9C-BA82-A811F845F45F}.Debug|Any CPU.Build.0 = Debug|Any CPU
		{BE5B8FE3-6934-4D9C-BA82-A811F845F45F}.Release|Any CPU.ActiveCfg = Release|Any CPU
		{BE5B8FE3-6934-4D9C-BA82-A811F845F45F}.Release|Any CPU.Build.0 = Release|Any CPU
	EndGlobalSection
	GlobalSection(SolutionProperties) = preSolution
		HideSolutionNode = FALSE
	EndGlobalSection
	GlobalSection(ExtensibilityGlobals) = postSolution
		SolutionGuid = {94E627E2-F8B4-46F8-8E04-B8EE2F8BCF98}
	EndGlobalSection
EndGlobal
